
Microsoft Visual Studio Solution File, Format Version 12.00
# Visual Studio Version 17
VisualStudioVersion = 17.8.34330.188
MinimumVisualStudioVersion = 10.0.40219.1
Project("{FAE04EC0-301F-11D3-BF4B-00C04F79EFBC}") = "Act44MatchingGame", "Act44MatchingGame\Act44MatchingGame.csproj", "{6FEA5AAA-47AD-4F39-BD90-79B591E66D2A}"
EndProject
Global
	GlobalSection(SolutionConfigurationPlatforms) = preSolution
		Debug|Any CPU = Debug|Any CPU
		Release|Any CPU = Release|Any CPU
	EndGlobalSection
	GlobalSection(ProjectConfigurationPlatforms) = postSolution
		{6FEA5AAA-47AD-4F39-BD90-79B591E66D2A}.Debug|Any CPU.ActiveCfg = Debug|Any CPU
		{6FEA5AAA-47AD-4F39-BD90-79B591E66D2A}.Debug|Any CPU.Build.0 = Debug|Any CPU
		{6FEA5AAA-47AD-4F39-BD90-79B591E66D2A}.Release|Any CPU.ActiveCfg = Release|Any CPU
		{6FEA5AAA-47AD-4F39-BD90-79B591E66D2A}.Release|Any CPU.Build.0 = Release|Any CPU
	EndGlobalSection
	GlobalSection(SolutionProperties) = preSolution
		HideSolutionNode = FALSE
	EndGlobalSection
	GlobalSection(ExtensibilityGlobals) = postSolution
		SolutionGuid = {54BAA221-F3D4-4D19-BC50-103896C67FCF}
	EndGlobalSection
EndGlobal
